
Microsoft Visual Studio Solution File, Format Version 12.00
# Visual Studio Version 17
VisualStudioVersion = 17.10.35027.167
MinimumVisualStudioVersion = 10.0.40219.1
Project("{FAE04EC0-301F-11D3-BF4B-00C04F79EFBC}") = "hashet", "hashet\hashet.csproj", "{5B3C6244-5672-4750-957E-A7C1CCBAE488}"
EndProject
Global
	GlobalSection(SolutionConfigurationPlatforms) = preSolution
		Debug|Any CPU = Debug|Any CPU
		Release|Any CPU = Release|Any CPU
	EndGlobalSection
	GlobalSection(ProjectConfigurationPlatforms) = postSolution
		{5B3C6244-5672-4750-957E-A7C1CCBAE488}.Debug|Any CPU.ActiveCfg = Debug|Any CPU
		{5B3C6244-5672-4750-957E-A7C1CCBAE488}.Debug|Any CPU.Build.0 = Debug|Any CPU
		{5B3C6244-5672-4750-957E-A7C1CCBAE488}.Release|Any CPU.ActiveCfg = Release|Any CPU
		{5B3C6244-5672-4750-957E-A7C1CCBAE488}.Release|Any CPU.Build.0 = Release|Any CPU
	EndGlobalSection
	GlobalSection(SolutionProperties) = preSolution
		HideSolutionNode = FALSE
	EndGlobalSection
	GlobalSection(ExtensibilityGlobals) = postSolution
		SolutionGuid = {042CFC99-2678-4833-A731-AAB263536F50}
	EndGlobalSection
EndGlobal
